
Microsoft Visual Studio Solution File, Format Version 12.00
# Visual Studio Version 17
VisualStudioVersion = 17.14.36127.28 d17.14
MinimumVisualStudioVersion = 10.0.40219.1
Project("{FAE04EC0-301F-11D3-BF4B-00C04F79EFBC}") = "MasterMind", "MasterMind\MasterMind.csproj", "{DEBE6E17-3959-4F97-97B2-E6E6B613D7C3}"
EndProject
Global
	GlobalSection(SolutionConfigurationPlatforms) = preSolution
		Debug|Any CPU = Debug|Any CPU
		Release|Any CPU = Release|Any CPU
	EndGlobalSection
	GlobalSection(ProjectConfigurationPlatforms) = postSolution
		{DEBE6E17-3959-4F97-97B2-E6E6B613D7C3}.Debug|Any CPU.ActiveCfg = Debug|Any CPU
		{DEBE6E17-3959-4F97-97B2-E6E6B613D7C3}.Debug|Any CPU.Build.0 = Debug|Any CPU
		{DEBE6E17-3959-4F97-97B2-E6E6B613D7C3}.Release|Any CPU.ActiveCfg = Release|Any CPU
		{DEBE6E17-3959-4F97-97B2-E6E6B613D7C3}.Release|Any CPU.Build.0 = Release|Any CPU
	EndGlobalSection
	GlobalSection(SolutionProperties) = preSolution
		HideSolutionNode = FALSE
	EndGlobalSection
	GlobalSection(ExtensibilityGlobals) = postSolution
		SolutionGuid = {3418473A-6160-47D7-A28E-2CF88B1C2F3F}
	EndGlobalSection
EndGlobal
